// !$*UTF8*$!
{
	archiveVersion = 1;
	classes = {
	};
	objectVersion = 55;
	objects = {

/* Begin PBXBuildFile section */
		8807A78928E19F4E007DAAD1 /* EditImageVC+Draw.swift in Sources */ = {isa = PBXBuildFile; fileRef = 8807A78828E19F4E007DAAD1 /* EditImageVC+Draw.swift */; };
		8807A78B28E1B039007DAAD1 /* EditImageVC+Text.swift in Sources */ = {isa = PBXBuildFile; fileRef = 8807A78A28E1B039007DAAD1 /* EditImageVC+Text.swift */; };
		8807A78D28E1B15B007DAAD1 /* EditImageVC+Gestures.swift in Sources */ = {isa = PBXBuildFile; fileRef = 8807A78C28E1B15B007DAAD1 /* EditImageVC+Gestures.swift */; };
		8807A78F28E1B446007DAAD1 /* EditImageVC+UITextView.swift in Sources */ = {isa = PBXBuildFile; fileRef = 8807A78E28E1B446007DAAD1 /* EditImageVC+UITextView.swift */; };
		881D47AB28DD79E700238EFF /* ImgMainCell.swift in Sources */ = {isa = PBXBuildFile; fileRef = 881D47A928DD79E700238EFF /* ImgMainCell.swift */; };
		881D47AC28DD79E700238EFF /* ImgMainCell.xib in Resources */ = {isa = PBXBuildFile; fileRef = 881D47AA28DD79E700238EFF /* ImgMainCell.xib */; };
		881D47AE28DD823A00238EFF /* Ext.swift in Sources */ = {isa = PBXBuildFile; fileRef = 881D47AD28DD823A00238EFF /* Ext.swift */; };
		8829596E28EE92A500E7AA38 /* VideoPlayerView.swift in Sources */ = {isa = PBXBuildFile; fileRef = 8829596D28EE92A500E7AA38 /* VideoPlayerView.swift */; };
		882F205228DC866900940972 /* EditImageVC.swift in Sources */ = {isa = PBXBuildFile; fileRef = 882F205128DC866900940972 /* EditImageVC.swift */; };
		882F206028DC90DF00940972 /* ImgListCell.swift in Sources */ = {isa = PBXBuildFile; fileRef = 882F205E28DC90DF00940972 /* ImgListCell.swift */; };
		882F206128DC90DF00940972 /* ImgListCell.xib in Resources */ = {isa = PBXBuildFile; fileRef = 882F205F28DC90DF00940972 /* ImgListCell.xib */; };
		883F1AEE28F1503E0066319D /* EditImageVC+AddImage.swift in Sources */ = {isa = PBXBuildFile; fileRef = 883F1AED28F1503E0066319D /* EditImageVC+AddImage.swift */; };
		8843D3C529220D5E002E3B04 /* TLPHAsset+Ext.swift in Sources */ = {isa = PBXBuildFile; fileRef = 8843D3C429220D5E002E3B04 /* TLPHAsset+Ext.swift */; };
		8843D3C729221040002E3B04 /* Utils.swift in Sources */ = {isa = PBXBuildFile; fileRef = 8843D3C629221040002E3B04 /* Utils.swift */; };
		8878FA1328D86F1A00B80963 /* AppDelegate.swift in Sources */ = {isa = PBXBuildFile; fileRef = 8878FA1228D86F1A00B80963 /* AppDelegate.swift */; };
		8878FA1528D86F1A00B80963 /* SceneDelegate.swift in Sources */ = {isa = PBXBuildFile; fileRef = 8878FA1428D86F1A00B80963 /* SceneDelegate.swift */; };
		8878FA1728D86F1A00B80963 /* ViewController.swift in Sources */ = {isa = PBXBuildFile; fileRef = 8878FA1628D86F1A00B80963 /* ViewController.swift */; };
		8878FA1A28D86F1A00B80963 /* Main.storyboard in Resources */ = {isa = PBXBuildFile; fileRef = 8878FA1828D86F1A00B80963 /* Main.storyboard */; };
		8878FA1D28D86F1A00B80963 /* WhatsappPhoto.xcdatamodeld in Sources */ = {isa = PBXBuildFile; fileRef = 8878FA1B28D86F1A00B80963 /* WhatsappPhoto.xcdatamodeld */; };
		8878FA1F28D86F2000B80963 /* Assets.xcassets in Resources */ = {isa = PBXBuildFile; fileRef = 8878FA1E28D86F2000B80963 /* Assets.xcassets */; };
		8878FA2228D86F2000B80963 /* LaunchScreen.storyboard in Resources */ = {isa = PBXBuildFile; fileRef = 8878FA2028D86F2000B80963 /* LaunchScreen.storyboard */; };
		8878FA3428D8842300B80963 /* SwiftyCamButton.swift in Sources */ = {isa = PBXBuildFile; fileRef = 8878FA2D28D8842300B80963 /* SwiftyCamButton.swift */; };
		8878FA3528D8842300B80963 /* PreviewView.swift in Sources */ = {isa = PBXBuildFile; fileRef = 8878FA2E28D8842300B80963 /* PreviewView.swift */; };
		8878FA3628D8842300B80963 /* SwiftyCamViewController.swift in Sources */ = {isa = PBXBuildFile; fileRef = 8878FA2F28D8842300B80963 /* SwiftyCamViewController.swift */; };
		8878FA3728D8842300B80963 /* SwiftyCamViewControllerDelegate.swift in Sources */ = {isa = PBXBuildFile; fileRef = 8878FA3028D8842300B80963 /* SwiftyCamViewControllerDelegate.swift */; };
		8878FA3828D8842300B80963 /* CameraVC.swift in Sources */ = {isa = PBXBuildFile; fileRef = 8878FA3128D8842300B80963 /* CameraVC.swift */; };
		8878FA3928D8842300B80963 /* SwiftyRecordButton.swift in Sources */ = {isa = PBXBuildFile; fileRef = 8878FA3228D8842300B80963 /* SwiftyRecordButton.swift */; };
		8878FA3A28D8842300B80963 /* Orientation.swift in Sources */ = {isa = PBXBuildFile; fileRef = 8878FA3328D8842300B80963 /* Orientation.swift */; };
		8878FA3D28D8975D00B80963 /* PhotoHelper.swift in Sources */ = {isa = PBXBuildFile; fileRef = 8878FA3C28D8975D00B80963 /* PhotoHelper.swift */; };
		88B3457528F42F30009CD364 /* EditImageVC+Model+Enum.swift in Sources */ = {isa = PBXBuildFile; fileRef = 88B3457428F42F30009CD364 /* EditImageVC+Model+Enum.swift */; };
		88B3457728F42FD4009CD364 /* BaseViewController.swift in Sources */ = {isa = PBXBuildFile; fileRef = 88B3457628F42FD4009CD364 /* BaseViewController.swift */; };
		BD110A3E2C1C1E91006F5FB1 /* PreviousLinkTableViewCell.swift in Sources */ = {isa = PBXBuildFile; fileRef = BD110A3C2C1C1E91006F5FB1 /* PreviousLinkTableViewCell.swift */; };
		BD110A3F2C1C1E91006F5FB1 /* PreviousLinkTableViewCell.xib in Resources */ = {isa = PBXBuildFile; fileRef = BD110A3D2C1C1E91006F5FB1 /* PreviousLinkTableViewCell.xib */; };
		BD17EA292BF719F500FD7784 /* EmojiKnobPreviewVw.swift in Sources */ = {isa = PBXBuildFile; fileRef = BD17EA282BF719F500FD7784 /* EmojiKnobPreviewVw.swift */; };
		BD27E2282C1AA91900F690DF /* RotateVideoVC.swift in Sources */ = {isa = PBXBuildFile; fileRef = BD27E2272C1AA91900F690DF /* RotateVideoVC.swift */; };
		BD27E22E2C1B1F7200F690DF /* LinkSearchVC.swift in Sources */ = {isa = PBXBuildFile; fileRef = BD27E22D2C1B1F7200F690DF /* LinkSearchVC.swift */; };
		BD9B16B92C05FDA900ADFDF6 /* ImagePreviewVC.swift in Sources */ = {isa = PBXBuildFile; fileRef = BD9B16B82C05FDA900ADFDF6 /* ImagePreviewVC.swift */; };
		BDDF39372BFDB0E700C324E1 /* ConstraintMultiplierTarget.swift in Sources */ = {isa = PBXBuildFile; fileRef = BDDF39112BFDB0E700C324E1 /* ConstraintMultiplierTarget.swift */; };
		BDDF39382BFDB0E700C324E1 /* LayoutConstraintItem.swift in Sources */ = {isa = PBXBuildFile; fileRef = BDDF39122BFDB0E700C324E1 /* LayoutConstraintItem.swift */; };
		BDDF39392BFDB0E700C324E1 /* ConstraintDescription.swift in Sources */ = {isa = PBXBuildFile; fileRef = BDDF39132BFDB0E700C324E1 /* ConstraintDescription.swift */; };
		BDDF393A2BFDB0E700C324E1 /* ConstraintMakerPriortizable.swift in Sources */ = {isa = PBXBuildFile; fileRef = BDDF39142BFDB0E700C324E1 /* ConstraintMakerPriortizable.swift */; };
		BDDF393B2BFDB0E700C324E1 /* ConstraintAttributes.swift in Sources */ = {isa = PBXBuildFile; fileRef = BDDF39152BFDB0E700C324E1 /* ConstraintAttributes.swift */; };
		BDDF393C2BFDB0E700C324E1 /* ConstraintViewDSL.swift in Sources */ = {isa = PBXBuildFile; fileRef = BDDF39162BFDB0E700C324E1 /* ConstraintViewDSL.swift */; };
		BDDF393D2BFDB0E700C324E1 /* ConstraintPriorityTarget.swift in Sources */ = {isa = PBXBuildFile; fileRef = BDDF39172BFDB0E700C324E1 /* ConstraintPriorityTarget.swift */; };
		BDDF393E2BFDB0E700C324E1 /* ConstraintInsets.swift in Sources */ = {isa = PBXBuildFile; fileRef = BDDF39182BFDB0E700C324E1 /* ConstraintInsets.swift */; };
		BDDF393F2BFDB0E700C324E1 /* ConstraintMakerFinalizable.swift in Sources */ = {isa = PBXBuildFile; fileRef = BDDF39192BFDB0E700C324E1 /* ConstraintMakerFinalizable.swift */; };
		BDDF39402BFDB0E700C324E1 /* ConstraintDSL.swift in Sources */ = {isa = PBXBuildFile; fileRef = BDDF391A2BFDB0E700C324E1 /* ConstraintDSL.swift */; };
		BDDF39412BFDB0E700C324E1 /* ConstraintMakerExtendable.swift in Sources */ = {isa = PBXBuildFile; fileRef = BDDF391B2BFDB0E700C324E1 /* ConstraintMakerExtendable.swift */; };
		BDDF39422BFDB0E700C324E1 /* ConstraintPriority.swift in Sources */ = {isa = PBXBuildFile; fileRef = BDDF391C2BFDB0E700C324E1 /* ConstraintPriority.swift */; };
		BDDF39432BFDB0E700C324E1 /* ConstraintInsetTarget.swift in Sources */ = {isa = PBXBuildFile; fileRef = BDDF391D2BFDB0E700C324E1 /* ConstraintInsetTarget.swift */; };
		BDDF39442BFDB0E700C324E1 /* ConstraintDirectionalInsetTarget.swift in Sources */ = {isa = PBXBuildFile; fileRef = BDDF391E2BFDB0E700C324E1 /* ConstraintDirectionalInsetTarget.swift */; };
		BDDF39452BFDB0E700C324E1 /* ConstraintMakerRelatable+Extensions.swift in Sources */ = {isa = PBXBuildFile; fileRef = BDDF39202BFDB0E700C324E1 /* ConstraintMakerRelatable+Extensions.swift */; };
		BDDF39462BFDB0E700C324E1 /* ConstraintConfig.swift in Sources */ = {isa = PBXBuildFile; fileRef = BDDF39212BFDB0E700C324E1 /* ConstraintConfig.swift */; };
		BDDF39472BFDB0E700C324E1 /* UILayoutSupport+Extensions.swift in Sources */ = {isa = PBXBuildFile; fileRef = BDDF39222BFDB0E700C324E1 /* UILayoutSupport+Extensions.swift */; };
		BDDF39482BFDB0E700C324E1 /* ConstraintView.swift in Sources */ = {isa = PBXBuildFile; fileRef = BDDF39232BFDB0E700C324E1 /* ConstraintView.swift */; };
		BDDF39492BFDB0E700C324E1 /* ConstraintLayoutGuide.swift in Sources */ = {isa = PBXBuildFile; fileRef = BDDF39242BFDB0E700C324E1 /* ConstraintLayoutGuide.swift */; };
		BDDF394A2BFDB0E700C324E1 /* ConstraintLayoutSupport.swift in Sources */ = {isa = PBXBuildFile; fileRef = BDDF39252BFDB0E700C324E1 /* ConstraintLayoutSupport.swift */; };
		BDDF394B2BFDB0E700C324E1 /* Typealiases.swift in Sources */ = {isa = PBXBuildFile; fileRef = BDDF39262BFDB0E700C324E1 /* Typealiases.swift */; };
		BDDF394C2BFDB0E700C324E1 /* ConstraintConstantTarget.swift in Sources */ = {isa = PBXBuildFile; fileRef = BDDF39272BFDB0E700C324E1 /* ConstraintConstantTarget.swift */; };
		BDDF394D2BFDB0E700C324E1 /* ConstraintOffsetTarget.swift in Sources */ = {isa = PBXBuildFile; fileRef = BDDF39282BFDB0E700C324E1 /* ConstraintOffsetTarget.swift */; };
		BDDF394E2BFDB0E700C324E1 /* ConstraintMakerEditable.swift in Sources */ = {isa = PBXBuildFile; fileRef = BDDF39292BFDB0E700C324E1 /* ConstraintMakerEditable.swift */; };
		BDDF394F2BFDB0E700C324E1 /* ConstraintMaker.swift in Sources */ = {isa = PBXBuildFile; fileRef = BDDF392A2BFDB0E700C324E1 /* ConstraintMaker.swift */; };
		BDDF39502BFDB0E700C324E1 /* ConstraintRelation.swift in Sources */ = {isa = PBXBuildFile; fileRef = BDDF392B2BFDB0E700C324E1 /* ConstraintRelation.swift */; };
		BDDF39512BFDB0E700C324E1 /* ConstraintLayoutGuideDSL.swift in Sources */ = {isa = PBXBuildFile; fileRef = BDDF392C2BFDB0E700C324E1 /* ConstraintLayoutGuideDSL.swift */; };
		BDDF39522BFDB0E700C324E1 /* ConstraintView+Extensions.swift in Sources */ = {isa = PBXBuildFile; fileRef = BDDF392D2BFDB0E700C324E1 /* ConstraintView+Extensions.swift */; };
		BDDF39532BFDB0E700C324E1 /* ConstraintItem.swift in Sources */ = {isa = PBXBuildFile; fileRef = BDDF392E2BFDB0E700C324E1 /* ConstraintItem.swift */; };
		BDDF39542BFDB0E700C324E1 /* Constraint.swift in Sources */ = {isa = PBXBuildFile; fileRef = BDDF392F2BFDB0E700C324E1 /* Constraint.swift */; };
		BDDF39552BFDB0E700C324E1 /* Debugging.swift in Sources */ = {isa = PBXBuildFile; fileRef = BDDF39302BFDB0E700C324E1 /* Debugging.swift */; };
		BDDF39562BFDB0E700C324E1 /* ConstraintRelatableTarget.swift in Sources */ = {isa = PBXBuildFile; fileRef = BDDF39312BFDB0E700C324E1 /* ConstraintRelatableTarget.swift */; };
		BDDF39572BFDB0E700C324E1 /* LayoutConstraint.swift in Sources */ = {isa = PBXBuildFile; fileRef = BDDF39322BFDB0E700C324E1 /* LayoutConstraint.swift */; };
		BDDF39582BFDB0E700C324E1 /* ConstraintLayoutGuide+Extensions.swift in Sources */ = {isa = PBXBuildFile; fileRef = BDDF39332BFDB0E700C324E1 /* ConstraintLayoutGuide+Extensions.swift */; };
		BDDF39592BFDB0E700C324E1 /* ConstraintDirectionalInsets.swift in Sources */ = {isa = PBXBuildFile; fileRef = BDDF39342BFDB0E700C324E1 /* ConstraintDirectionalInsets.swift */; };
		BDDF395A2BFDB0E700C324E1 /* ConstraintLayoutSupportDSL.swift in Sources */ = {isa = PBXBuildFile; fileRef = BDDF39352BFDB0E700C324E1 /* ConstraintLayoutSupportDSL.swift */; };
		BDDF395B2BFDB0E700C324E1 /* ConstraintMakerRelatable.swift in Sources */ = {isa = PBXBuildFile; fileRef = BDDF39362BFDB0E700C324E1 /* ConstraintMakerRelatable.swift */; };
		BDDF39702BFDB0F600C324E1 /* cubano-regular-webfont.ttf in Resources */ = {isa = PBXBuildFile; fileRef = BDDF395D2BFDB0F600C324E1 /* cubano-regular-webfont.ttf */; };
		BDDF39712BFDB0F600C324E1 /* Homestead-Regular.ttf in Resources */ = {isa = PBXBuildFile; fileRef = BDDF395E2BFDB0F600C324E1 /* Homestead-Regular.ttf */; };
		BDDF39722BFDB0F600C324E1 /* Haymaker.ttf in Resources */ = {isa = PBXBuildFile; fileRef = BDDF395F2BFDB0F600C324E1 /* Haymaker.ttf */; };
		BDDF39732BFDB0F600C324E1 /* Liberator.ttf in Resources */ = {isa = PBXBuildFile; fileRef = BDDF39602BFDB0F600C324E1 /* Liberator.ttf */; };
		BDDF39742BFDB0F600C324E1 /* AbrahamLincoln.ttf in Resources */ = {isa = PBXBuildFile; fileRef = BDDF39612BFDB0F600C324E1 /* AbrahamLincoln.ttf */; };
		BDDF39752BFDB0F600C324E1 /* mensch.ttf in Resources */ = {isa = PBXBuildFile; fileRef = BDDF39622BFDB0F600C324E1 /* mensch.ttf */; };
		BDDF39762BFDB0F600C324E1 /* Franchise-Bold.ttf in Resources */ = {isa = PBXBuildFile; fileRef = BDDF39632BFDB0F600C324E1 /* Franchise-Bold.ttf */; };
		BDDF39772BFDB0F600C324E1 /* GearedSlab.ttf in Resources */ = {isa = PBXBuildFile; fileRef = BDDF39642BFDB0F600C324E1 /* GearedSlab.ttf */; };
		BDDF39782BFDB0F600C324E1 /* Airship 27-Regular.ttf in Resources */ = {isa = PBXBuildFile; fileRef = BDDF39652BFDB0F600C324E1 /* Airship 27-Regular.ttf */; };
		BDDF39792BFDB0F600C324E1 /* ValenciaRegular.otf in Resources */ = {isa = PBXBuildFile; fileRef = BDDF39662BFDB0F600C324E1 /* ValenciaRegular.otf */; };
		BDDF397A2BFDB0F600C324E1 /* Muncie.ttf in Resources */ = {isa = PBXBuildFile; fileRef = BDDF39672BFDB0F600C324E1 /* Muncie.ttf */; };
		BDDF397B2BFDB0F600C324E1 /* governor.ttf in Resources */ = {isa = PBXBuildFile; fileRef = BDDF39682BFDB0F600C324E1 /* governor.ttf */; };
		BDDF397C2BFDB0F600C324E1 /* Tommaso.ttf in Resources */ = {isa = PBXBuildFile; fileRef = BDDF39692BFDB0F600C324E1 /* Tommaso.ttf */; };
		BDDF397D2BFDB0F600C324E1 /* Bender-Inline.otf in Resources */ = {isa = PBXBuildFile; fileRef = BDDF396A2BFDB0F600C324E1 /* Bender-Inline.otf */; };
		BDDF397E2BFDB0F600C324E1 /* MavenProLight-200.otf in Resources */ = {isa = PBXBuildFile; fileRef = BDDF396B2BFDB0F600C324E1 /* MavenProLight-200.otf */; };
		BDDF397F2BFDB0F600C324E1 /* Sullivan-Regular.otf in Resources */ = {isa = PBXBuildFile; fileRef = BDDF396C2BFDB0F600C324E1 /* Sullivan-Regular.otf */; };
		BDDF39802BFDB0F600C324E1 /* BLANCH_CONDENSED.otf in Resources */ = {isa = PBXBuildFile; fileRef = BDDF396D2BFDB0F600C324E1 /* BLANCH_CONDENSED.otf */; };
		BDDF39812BFDB0F600C324E1 /* vevey.ttf in Resources */ = {isa = PBXBuildFile; fileRef = BDDF396E2BFDB0F600C324E1 /* vevey.ttf */; };
		BDDF39822BFDB0F600C324E1 /* Arvil_Sans.ttf in Resources */ = {isa = PBXBuildFile; fileRef = BDDF396F2BFDB0F600C324E1 /* Arvil_Sans.ttf */; };
		BDDF39852BFE065600C324E1 /* FontPickerCollectionViewCell.swift in Sources */ = {isa = PBXBuildFile; fileRef = BDDF39832BFE065600C324E1 /* FontPickerCollectionViewCell.swift */; };
		BDDF39862BFE065600C324E1 /* FontPickerCollectionViewCell.xib in Resources */ = {isa = PBXBuildFile; fileRef = BDDF39842BFE065600C324E1 /* FontPickerCollectionViewCell.xib */; };
		BDE7CDB12C16F72200861E09 /* StickersVC.swift in Sources */ = {isa = PBXBuildFile; fileRef = BDE7CDB02C16F72200861E09 /* StickersVC.swift */; };
		BDE826D72C1082F900E6C5C2 /* SwiftLinkPreview in Frameworks */ = {isa = PBXBuildFile; productRef = BDE826D62C1082F900E6C5C2 /* SwiftLinkPreview */; };
		BDE826D92C10850200E6C5C2 /* URLPreviewView.swift in Sources */ = {isa = PBXBuildFile; fileRef = BDE826D82C10850200E6C5C2 /* URLPreviewView.swift */; };
		BDF88B032C180FE100F5D0AD /* CropViewController in Frameworks */ = {isa = PBXBuildFile; productRef = BDF88B022C180FE100F5D0AD /* CropViewController */; };
		BDF88B052C180FE100F5D0AD /* TOCropViewController in Frameworks */ = {isa = PBXBuildFile; productRef = BDF88B042C180FE100F5D0AD /* TOCropViewController */; };
		F9A5CAB543328BCA3175A4AC /* Pods_WhatsappPhoto.framework in Frameworks */ = {isa = PBXBuildFile; fileRef = 32E38A90B981EBC5FF87F140 /* Pods_WhatsappPhoto.framework */; };
/* End PBXBuildFile section */

/* Begin PBXFileReference section */
		32E38A90B981EBC5FF87F140 /* Pods_WhatsappPhoto.framework */ = {isa = PBXFileReference; explicitFileType = wrapper.framework; includeInIndex = 0; path = Pods_WhatsappPhoto.framework; sourceTree = BUILT_PRODUCTS_DIR; };
		3D29D42B6EC4E1E22A9794D6 /* Pods-WhatsappPhoto.release.xcconfig */ = {isa = PBXFileReference; includeInIndex = 1; lastKnownFileType = text.xcconfig; name = "Pods-WhatsappPhoto.release.xcconfig"; path = "Target Support Files/Pods-WhatsappPhoto/Pods-WhatsappPhoto.release.xcconfig"; sourceTree = "<group>"; };
		8807A78828E19F4E007DAAD1 /* EditImageVC+Draw.swift */ = {isa = PBXFileReference; lastKnownFileType = sourcecode.swift; path = "EditImageVC+Draw.swift"; sourceTree = "<group>"; };
		8807A78A28E1B039007DAAD1 /* EditImageVC+Text.swift */ = {isa = PBXFileReference; lastKnownFileType = sourcecode.swift; path = "EditImageVC+Text.swift"; sourceTree = "<group>"; };
		8807A78C28E1B15B007DAAD1 /* EditImageVC+Gestures.swift */ = {isa = PBXFileReference; lastKnownFileType = sourcecode.swift; path = "EditImageVC+Gestures.swift"; sourceTree = "<group>"; };
		8807A78E28E1B446007DAAD1 /* EditImageVC+UITextView.swift */ = {isa = PBXFileReference; lastKnownFileType = sourcecode.swift; path = "EditImageVC+UITextView.swift"; sourceTree = "<group>"; };
		881D47A928DD79E700238EFF /* ImgMainCell.swift */ = {isa = PBXFileReference; lastKnownFileType = sourcecode.swift; path = ImgMainCell.swift; sourceTree = "<group>"; };
		881D47AA28DD79E700238EFF /* ImgMainCell.xib */ = {isa = PBXFileReference; lastKnownFileType = file.xib; path = ImgMainCell.xib; sourceTree = "<group>"; };
		881D47AD28DD823A00238EFF /* Ext.swift */ = {isa = PBXFileReference; lastKnownFileType = sourcecode.swift; path = Ext.swift; sourceTree = "<group>"; };
		8829596D28EE92A500E7AA38 /* VideoPlayerView.swift */ = {isa = PBXFileReference; lastKnownFileType = sourcecode.swift; path = VideoPlayerView.swift; sourceTree = "<group>"; };
		882F205128DC866900940972 /* EditImageVC.swift */ = {isa = PBXFileReference; lastKnownFileType = sourcecode.swift; path = EditImageVC.swift; sourceTree = "<group>"; };
		882F205E28DC90DF00940972 /* ImgListCell.swift */ = {isa = PBXFileReference; lastKnownFileType = sourcecode.swift; path = ImgListCell.swift; sourceTree = "<group>"; };
		882F205F28DC90DF00940972 /* ImgListCell.xib */ = {isa = PBXFileReference; lastKnownFileType = file.xib; path = ImgListCell.xib; sourceTree = "<group>"; };
		883F1AED28F1503E0066319D /* EditImageVC+AddImage.swift */ = {isa = PBXFileReference; lastKnownFileType = sourcecode.swift; path = "EditImageVC+AddImage.swift"; sourceTree = "<group>"; };
		8843D3C429220D5E002E3B04 /* TLPHAsset+Ext.swift */ = {isa = PBXFileReference; lastKnownFileType = sourcecode.swift; path = "TLPHAsset+Ext.swift"; sourceTree = "<group>"; };
		8843D3C629221040002E3B04 /* Utils.swift */ = {isa = PBXFileReference; lastKnownFileType = sourcecode.swift; path = Utils.swift; sourceTree = "<group>"; };
		8878FA0F28D86F1A00B80963 /* WhatsappPhoto.app */ = {isa = PBXFileReference; explicitFileType = wrapper.application; includeInIndex = 0; path = WhatsappPhoto.app; sourceTree = BUILT_PRODUCTS_DIR; };
		8878FA1228D86F1A00B80963 /* AppDelegate.swift */ = {isa = PBXFileReference; lastKnownFileType = sourcecode.swift; path = AppDelegate.swift; sourceTree = "<group>"; };
		8878FA1428D86F1A00B80963 /* SceneDelegate.swift */ = {isa = PBXFileReference; lastKnownFileType = sourcecode.swift; path = SceneDelegate.swift; sourceTree = "<group>"; };
		8878FA1628D86F1A00B80963 /* ViewController.swift */ = {isa = PBXFileReference; lastKnownFileType = sourcecode.swift; path = ViewController.swift; sourceTree = "<group>"; };
		8878FA1928D86F1A00B80963 /* Base */ = {isa = PBXFileReference; lastKnownFileType = file.storyboard; name = Base; path = Base.lproj/Main.storyboard; sourceTree = "<group>"; };
		8878FA1C28D86F1A00B80963 /* WhatsappPhoto.xcdatamodel */ = {isa = PBXFileReference; lastKnownFileType = wrapper.xcdatamodel; path = WhatsappPhoto.xcdatamodel; sourceTree = "<group>"; };
		8878FA1E28D86F2000B80963 /* Assets.xcassets */ = {isa = PBXFileReference; lastKnownFileType = folder.assetcatalog; path = Assets.xcassets; sourceTree = "<group>"; };
		8878FA2128D86F2000B80963 /* Base */ = {isa = PBXFileReference; lastKnownFileType = file.storyboard; name = Base; path = Base.lproj/LaunchScreen.storyboard; sourceTree = "<group>"; };
		8878FA2328D86F2000B80963 /* Info.plist */ = {isa = PBXFileReference; lastKnownFileType = text.plist.xml; path = Info.plist; sourceTree = "<group>"; };
		8878FA2D28D8842300B80963 /* SwiftyCamButton.swift */ = {isa = PBXFileReference; fileEncoding = 4; lastKnownFileType = sourcecode.swift; path = SwiftyCamButton.swift; sourceTree = "<group>"; };
		8878FA2E28D8842300B80963 /* PreviewView.swift */ = {isa = PBXFileReference; fileEncoding = 4; lastKnownFileType = sourcecode.swift; path = PreviewView.swift; sourceTree = "<group>"; };
		8878FA2F28D8842300B80963 /* SwiftyCamViewController.swift */ = {isa = PBXFileReference; fileEncoding = 4; lastKnownFileType = sourcecode.swift; path = SwiftyCamViewController.swift; sourceTree = "<group>"; };
		8878FA3028D8842300B80963 /* SwiftyCamViewControllerDelegate.swift */ = {isa = PBXFileReference; fileEncoding = 4; lastKnownFileType = sourcecode.swift; path = SwiftyCamViewControllerDelegate.swift; sourceTree = "<group>"; };
		8878FA3128D8842300B80963 /* CameraVC.swift */ = {isa = PBXFileReference; fileEncoding = 4; lastKnownFileType = sourcecode.swift; path = CameraVC.swift; sourceTree = "<group>"; };
		8878FA3228D8842300B80963 /* SwiftyRecordButton.swift */ = {isa = PBXFileReference; fileEncoding = 4; lastKnownFileType = sourcecode.swift; path = SwiftyRecordButton.swift; sourceTree = "<group>"; };
		8878FA3328D8842300B80963 /* Orientation.swift */ = {isa = PBXFileReference; fileEncoding = 4; lastKnownFileType = sourcecode.swift; path = Orientation.swift; sourceTree = "<group>"; };
		8878FA3C28D8975D00B80963 /* PhotoHelper.swift */ = {isa = PBXFileReference; lastKnownFileType = sourcecode.swift; path = PhotoHelper.swift; sourceTree = "<group>"; };
		88B3457428F42F30009CD364 /* EditImageVC+Model+Enum.swift */ = {isa = PBXFileReference; lastKnownFileType = sourcecode.swift; path = "EditImageVC+Model+Enum.swift"; sourceTree = "<group>"; };
		88B3457628F42FD4009CD364 /* BaseViewController.swift */ = {isa = PBXFileReference; lastKnownFileType = sourcecode.swift; path = BaseViewController.swift; sourceTree = "<group>"; };
		BD110A3C2C1C1E91006F5FB1 /* PreviousLinkTableViewCell.swift */ = {isa = PBXFileReference; lastKnownFileType = sourcecode.swift; path = PreviousLinkTableViewCell.swift; sourceTree = "<group>"; };
		BD110A3D2C1C1E91006F5FB1 /* PreviousLinkTableViewCell.xib */ = {isa = PBXFileReference; lastKnownFileType = file.xib; path = PreviousLinkTableViewCell.xib; sourceTree = "<group>"; };
		BD17EA282BF719F500FD7784 /* EmojiKnobPreviewVw.swift */ = {isa = PBXFileReference; lastKnownFileType = sourcecode.swift; path = EmojiKnobPreviewVw.swift; sourceTree = "<group>"; };
		BD27E2272C1AA91900F690DF /* RotateVideoVC.swift */ = {isa = PBXFileReference; fileEncoding = 4; lastKnownFileType = sourcecode.swift; path = RotateVideoVC.swift; sourceTree = "<group>"; };
		BD27E22D2C1B1F7200F690DF /* LinkSearchVC.swift */ = {isa = PBXFileReference; lastKnownFileType = sourcecode.swift; path = LinkSearchVC.swift; sourceTree = "<group>"; };
		BD9B16B82C05FDA900ADFDF6 /* ImagePreviewVC.swift */ = {isa = PBXFileReference; lastKnownFileType = sourcecode.swift; path = ImagePreviewVC.swift; sourceTree = "<group>"; };
		BDDF39112BFDB0E700C324E1 /* ConstraintMultiplierTarget.swift */ = {isa = PBXFileReference; fileEncoding = 4; lastKnownFileType = sourcecode.swift; path = ConstraintMultiplierTarget.swift; sourceTree = "<group>"; };
		BDDF39122BFDB0E700C324E1 /* LayoutConstraintItem.swift */ = {isa = PBXFileReference; fileEncoding = 4; lastKnownFileType = sourcecode.swift; path = LayoutConstraintItem.swift; sourceTree = "<group>"; };
		BDDF39132BFDB0E700C324E1 /* ConstraintDescription.swift */ = {isa = PBXFileReference; fileEncoding = 4; lastKnownFileType = sourcecode.swift; path = ConstraintDescription.swift; sourceTree = "<group>"; };
		BDDF39142BFDB0E700C324E1 /* ConstraintMakerPriortizable.swift */ = {isa = PBXFileReference; fileEncoding = 4; lastKnownFileType = sourcecode.swift; path = ConstraintMakerPriortizable.swift; sourceTree = "<group>"; };
		BDDF39152BFDB0E700C324E1 /* ConstraintAttributes.swift */ = {isa = PBXFileReference; fileEncoding = 4; lastKnownFileType = sourcecode.swift; path = ConstraintAttributes.swift; sourceTree = "<group>"; };
		BDDF39162BFDB0E700C324E1 /* ConstraintViewDSL.swift */ = {isa = PBXFileReference; fileEncoding = 4; lastKnownFileType = sourcecode.swift; path = ConstraintViewDSL.swift; sourceTree = "<group>"; };
		BDDF39172BFDB0E700C324E1 /* ConstraintPriorityTarget.swift */ = {isa = PBXFileReference; fileEncoding = 4; lastKnownFileType = sourcecode.swift; path = ConstraintPriorityTarget.swift; sourceTree = "<group>"; };
		BDDF39182BFDB0E700C324E1 /* ConstraintInsets.swift */ = {isa = PBXFileReference; fileEncoding = 4; lastKnownFileType = sourcecode.swift; path = ConstraintInsets.swift; sourceTree = "<group>"; };
		BDDF39192BFDB0E700C324E1 /* ConstraintMakerFinalizable.swift */ = {isa = PBXFileReference; fileEncoding = 4; lastKnownFileType = sourcecode.swift; path = ConstraintMakerFinalizable.swift; sourceTree = "<group>"; };
		BDDF391A2BFDB0E700C324E1 /* ConstraintDSL.swift */ = {isa = PBXFileReference; fileEncoding = 4; lastKnownFileType = sourcecode.swift; path = ConstraintDSL.swift; sourceTree = "<group>"; };
		BDDF391B2BFDB0E700C324E1 /* ConstraintMakerExtendable.swift */ = {isa = PBXFileReference; fileEncoding = 4; lastKnownFileType = sourcecode.swift; path = ConstraintMakerExtendable.swift; sourceTree = "<group>"; };
		BDDF391C2BFDB0E700C324E1 /* ConstraintPriority.swift */ = {isa = PBXFileReference; fileEncoding = 4; lastKnownFileType = sourcecode.swift; path = ConstraintPriority.swift; sourceTree = "<group>"; };
		BDDF391D2BFDB0E700C324E1 /* ConstraintInsetTarget.swift */ = {isa = PBXFileReference; fileEncoding = 4; lastKnownFileType = sourcecode.swift; path = ConstraintInsetTarget.swift; sourceTree = "<group>"; };
		BDDF391E2BFDB0E700C324E1 /* ConstraintDirectionalInsetTarget.swift */ = {isa = PBXFileReference; fileEncoding = 4; lastKnownFileType = sourcecode.swift; path = ConstraintDirectionalInsetTarget.swift; sourceTree = "<group>"; };
		BDDF391F2BFDB0E700C324E1 /* SnapKit.h */ = {isa = PBXFileReference; fileEncoding = 4; lastKnownFileType = sourcecode.c.h; path = SnapKit.h; sourceTree = "<group>"; };
		BDDF39202BFDB0E700C324E1 /* ConstraintMakerRelatable+Extensions.swift */ = {isa = PBXFileReference; fileEncoding = 4; lastKnownFileType = sourcecode.swift; path = "ConstraintMakerRelatable+Extensions.swift"; sourceTree = "<group>"; };
		BDDF39212BFDB0E700C324E1 /* ConstraintConfig.swift */ = {isa = PBXFileReference; fileEncoding = 4; lastKnownFileType = sourcecode.swift; path = ConstraintConfig.swift; sourceTree = "<group>"; };
		BDDF39222BFDB0E700C324E1 /* UILayoutSupport+Extensions.swift */ = {isa = PBXFileReference; fileEncoding = 4; lastKnownFileType = sourcecode.swift; path = "UILayoutSupport+Extensions.swift"; sourceTree = "<group>"; };
		BDDF39232BFDB0E700C324E1 /* ConstraintView.swift */ = {isa = PBXFileReference; fileEncoding = 4; lastKnownFileType = sourcecode.swift; path = ConstraintView.swift; sourceTree = "<group>"; };
		BDDF39242BFDB0E700C324E1 /* ConstraintLayoutGuide.swift */ = {isa = PBXFileReference; fileEncoding = 4; lastKnownFileType = sourcecode.swift; path = ConstraintLayoutGuide.swift; sourceTree = "<group>"; };
		BDDF39252BFDB0E700C324E1 /* ConstraintLayoutSupport.swift */ = {isa = PBXFileReference; fileEncoding = 4; lastKnownFileType = sourcecode.swift; path = ConstraintLayoutSupport.swift; sourceTree = "<group>"; };
		BDDF39262BFDB0E700C324E1 /* Typealiases.swift */ = {isa = PBXFileReference; fileEncoding = 4; lastKnownFileType = sourcecode.swift; path = Typealiases.swift; sourceTree = "<group>"; };
		BDDF39272BFDB0E700C324E1 /* ConstraintConstantTarget.swift */ = {isa = PBXFileReference; fileEncoding = 4; lastKnownFileType = sourcecode.swift; path = ConstraintConstantTarget.swift; sourceTree = "<group>"; };
		BDDF39282BFDB0E700C324E1 /* ConstraintOffsetTarget.swift */ = {isa = PBXFileReference; fileEncoding = 4; lastKnownFileType = sourcecode.swift; path = ConstraintOffsetTarget.swift; sourceTree = "<group>"; };
		BDDF39292BFDB0E700C324E1 /* ConstraintMakerEditable.swift */ = {isa = PBXFileReference; fileEncoding = 4; lastKnownFileType = sourcecode.swift; path = ConstraintMakerEditable.swift; sourceTree = "<group>"; };
		BDDF392A2BFDB0E700C324E1 /* ConstraintMaker.swift */ = {isa = PBXFileReference; fileEncoding = 4; lastKnownFileType = sourcecode.swift; path = ConstraintMaker.swift; sourceTree = "<group>"; };
		BDDF392B2BFDB0E700C324E1 /* ConstraintRelation.swift */ = {isa = PBXFileReference; fileEncoding = 4; lastKnownFileType = sourcecode.swift; path = ConstraintRelation.swift; sourceTree = "<group>"; };
		BDDF392C2BFDB0E700C324E1 /* ConstraintLayoutGuideDSL.swift */ = {isa = PBXFileReference; fileEncoding = 4; lastKnownFileType = sourcecode.swift; path = ConstraintLayoutGuideDSL.swift; sourceTree = "<group>"; };
		BDDF392D2BFDB0E700C324E1 /* ConstraintView+Extensions.swift */ = {isa = PBXFileReference; fileEncoding = 4; lastKnownFileType = sourcecode.swift; path = "ConstraintView+Extensions.swift"; sourceTree = "<group>"; };
		BDDF392E2BFDB0E700C324E1 /* ConstraintItem.swift */ = {isa = PBXFileReference; fileEncoding = 4; lastKnownFileType = sourcecode.swift; path = ConstraintItem.swift; sourceTree = "<group>"; };
		BDDF392F2BFDB0E700C324E1 /* Constraint.swift */ = {isa = PBXFileReference; fileEncoding = 4; lastKnownFileType = sourcecode.swift; path = Constraint.swift; sourceTree = "<group>"; };
		BDDF39302BFDB0E700C324E1 /* Debugging.swift */ = {isa = PBXFileReference; fileEncoding = 4; lastKnownFileType = sourcecode.swift; path = Debugging.swift; sourceTree = "<group>"; };
		BDDF39312BFDB0E700C324E1 /* ConstraintRelatableTarget.swift */ = {isa = PBXFileReference; fileEncoding = 4; lastKnownFileType = sourcecode.swift; path = ConstraintRelatableTarget.swift; sourceTree = "<group>"; };
		BDDF39322BFDB0E700C324E1 /* LayoutConstraint.swift */ = {isa = PBXFileReference; fileEncoding = 4; lastKnownFileType = sourcecode.swift; path = LayoutConstraint.swift; sourceTree = "<group>"; };
		BDDF39332BFDB0E700C324E1 /* ConstraintLayoutGuide+Extensions.swift */ = {isa = PBXFileReference; fileEncoding = 4; lastKnownFileType = sourcecode.swift; path = "ConstraintLayoutGuide+Extensions.swift"; sourceTree = "<group>"; };
		BDDF39342BFDB0E700C324E1 /* ConstraintDirectionalInsets.swift */ = {isa = PBXFileReference; fileEncoding = 4; lastKnownFileType = sourcecode.swift; path = ConstraintDirectionalInsets.swift; sourceTree = "<group>"; };
		BDDF39352BFDB0E700C324E1 /* ConstraintLayoutSupportDSL.swift */ = {isa = PBXFileReference; fileEncoding = 4; lastKnownFileType = sourcecode.swift; path = ConstraintLayoutSupportDSL.swift; sourceTree = "<group>"; };
		BDDF39362BFDB0E700C324E1 /* ConstraintMakerRelatable.swift */ = {isa = PBXFileReference; fileEncoding = 4; lastKnownFileType = sourcecode.swift; path = ConstraintMakerRelatable.swift; sourceTree = "<group>"; };
		BDDF395D2BFDB0F600C324E1 /* cubano-regular-webfont.ttf */ = {isa = PBXFileReference; lastKnownFileType = file; path = "cubano-regular-webfont.ttf"; sourceTree = "<group>"; };
		BDDF395E2BFDB0F600C324E1 /* Homestead-Regular.ttf */ = {isa = PBXFileReference; lastKnownFileType = file; path = "Homestead-Regular.ttf"; sourceTree = "<group>"; };
		BDDF395F2BFDB0F600C324E1 /* Haymaker.ttf */ = {isa = PBXFileReference; lastKnownFileType = file; path = Haymaker.ttf; sourceTree = "<group>"; };
		BDDF39602BFDB0F600C324E1 /* Liberator.ttf */ = {isa = PBXFileReference; lastKnownFileType = file; path = Liberator.ttf; sourceTree = "<group>"; };
		BDDF39612BFDB0F600C324E1 /* AbrahamLincoln.ttf */ = {isa = PBXFileReference; lastKnownFileType = file; path = AbrahamLincoln.ttf; sourceTree = "<group>"; };
		BDDF39622BFDB0F600C324E1 /* mensch.ttf */ = {isa = PBXFileReference; lastKnownFileType = file; path = mensch.ttf; sourceTree = "<group>"; };
		BDDF39632BFDB0F600C324E1 /* Franchise-Bold.ttf */ = {isa = PBXFileReference; lastKnownFileType = file; path = "Franchise-Bold.ttf"; sourceTree = "<group>"; };
		BDDF39642BFDB0F600C324E1 /* GearedSlab.ttf */ = {isa = PBXFileReference; lastKnownFileType = file; path = GearedSlab.ttf; sourceTree = "<group>"; };
		BDDF39652BFDB0F600C324E1 /* Airship 27-Regular.ttf */ = {isa = PBXFileReference; lastKnownFileType = file; path = "Airship 27-Regular.ttf"; sourceTree = "<group>"; };
		BDDF39662BFDB0F600C324E1 /* ValenciaRegular.otf */ = {isa = PBXFileReference; lastKnownFileType = file; path = ValenciaRegular.otf; sourceTree = "<group>"; };
		BDDF39672BFDB0F600C324E1 /* Muncie.ttf */ = {isa = PBXFileReference; lastKnownFileType = file; path = Muncie.ttf; sourceTree = "<group>"; };
		BDDF39682BFDB0F600C324E1 /* governor.ttf */ = {isa = PBXFileReference; lastKnownFileType = file; path = governor.ttf; sourceTree = "<group>"; };
		BDDF39692BFDB0F600C324E1 /* Tommaso.ttf */ = {isa = PBXFileReference; lastKnownFileType = file; path = Tommaso.ttf; sourceTree = "<group>"; };
		BDDF396A2BFDB0F600C324E1 /* Bender-Inline.otf */ = {isa = PBXFileReference; lastKnownFileType = file; path = "Bender-Inline.otf"; sourceTree = "<group>"; };
		BDDF396B2BFDB0F600C324E1 /* MavenProLight-200.otf */ = {isa = PBXFileReference; lastKnownFileType = file; path = "MavenProLight-200.otf"; sourceTree = "<group>"; };
		BDDF396C2BFDB0F600C324E1 /* Sullivan-Regular.otf */ = {isa = PBXFileReference; lastKnownFileType = file; path = "Sullivan-Regular.otf"; sourceTree = "<group>"; };
		BDDF396D2BFDB0F600C324E1 /* BLANCH_CONDENSED.otf */ = {isa = PBXFileReference; lastKnownFileType = file; path = BLANCH_CONDENSED.otf; sourceTree = "<group>"; };
		BDDF396E2BFDB0F600C324E1 /* vevey.ttf */ = {isa = PBXFileReference; lastKnownFileType = file; path = vevey.ttf; sourceTree = "<group>"; };
		BDDF396F2BFDB0F600C324E1 /* Arvil_Sans.ttf */ = {isa = PBXFileReference; lastKnownFileType = file; path = Arvil_Sans.ttf; sourceTree = "<group>"; };
		BDDF39832BFE065600C324E1 /* FontPickerCollectionViewCell.swift */ = {isa = PBXFileReference; lastKnownFileType = sourcecode.swift; path = FontPickerCollectionViewCell.swift; sourceTree = "<group>"; };
		BDDF39842BFE065600C324E1 /* FontPickerCollectionViewCell.xib */ = {isa = PBXFileReference; lastKnownFileType = file.xib; path = FontPickerCollectionViewCell.xib; sourceTree = "<group>"; };
		BDE7CDB02C16F72200861E09 /* StickersVC.swift */ = {isa = PBXFileReference; fileEncoding = 4; lastKnownFileType = sourcecode.swift; path = StickersVC.swift; sourceTree = "<group>"; };
		BDE826D82C10850200E6C5C2 /* URLPreviewView.swift */ = {isa = PBXFileReference; lastKnownFileType = sourcecode.swift; path = URLPreviewView.swift; sourceTree = "<group>"; };
		FBB732F1ECA584FDCDF12BB4 /* Pods-WhatsappPhoto.debug.xcconfig */ = {isa = PBXFileReference; includeInIndex = 1; lastKnownFileType = text.xcconfig; name = "Pods-WhatsappPhoto.debug.xcconfig"; path = "Target Support Files/Pods-WhatsappPhoto/Pods-WhatsappPhoto.debug.xcconfig"; sourceTree = "<group>"; };
/* End PBXFileReference section */

/* Begin PBXFrameworksBuildPhase section */
		8878FA0C28D86F1A00B80963 /* Frameworks */ = {
			isa = PBXFrameworksBuildPhase;
			buildActionMask = 2147483647;
			files = (
				F9A5CAB543328BCA3175A4AC /* Pods_WhatsappPhoto.framework in Frameworks */,
				BDE826D72C1082F900E6C5C2 /* SwiftLinkPreview in Frameworks */,
				BDF88B052C180FE100F5D0AD /* TOCropViewController in Frameworks */,
				BDF88B032C180FE100F5D0AD /* CropViewController in Frameworks */,
			);
			runOnlyForDeploymentPostprocessing = 0;
		};
/* End PBXFrameworksBuildPhase section */

/* Begin PBXGroup section */
		4B331146BF40E91153574FD3 /* Pods */ = {
			isa = PBXGroup;
			children = (
				FBB732F1ECA584FDCDF12BB4 /* Pods-WhatsappPhoto.debug.xcconfig */,
				3D29D42B6EC4E1E22A9794D6 /* Pods-WhatsappPhoto.release.xcconfig */,
			);
			path = Pods;
			sourceTree = "<group>";
		};
		882F205328DC867A00940972 /* ViewController */ = {
			isa = PBXGroup;
			children = (
				88B3457628F42FD4009CD364 /* BaseViewController.swift */,
				8878FA1628D86F1A00B80963 /* ViewController.swift */,
				BD9B16B82C05FDA900ADFDF6 /* ImagePreviewVC.swift */,
				BDE7CDB02C16F72200861E09 /* StickersVC.swift */,
				BD27E2272C1AA91900F690DF /* RotateVideoVC.swift */,
				BD27E22D2C1B1F7200F690DF /* LinkSearchVC.swift */,
				882F205528DC8DA200940972 /* EditImageVC */,
			);
			path = ViewController;
			sourceTree = "<group>";
		};
		882F205428DC869600940972 /* Storyboard */ = {
			isa = PBXGroup;
			children = (
				8878FA1828D86F1A00B80963 /* Main.storyboard */,
				8878FA2028D86F2000B80963 /* LaunchScreen.storyboard */,
			);
			path = Storyboard;
			sourceTree = "<group>";
		};
		882F205528DC8DA200940972 /* EditImageVC */ = {
			isa = PBXGroup;
			children = (
				88B3457428F42F30009CD364 /* EditImageVC+Model+Enum.swift */,
				882F205128DC866900940972 /* EditImageVC.swift */,
				8807A78828E19F4E007DAAD1 /* EditImageVC+Draw.swift */,
				8807A78A28E1B039007DAAD1 /* EditImageVC+Text.swift */,
				8807A78C28E1B15B007DAAD1 /* EditImageVC+Gestures.swift */,
				8807A78E28E1B446007DAAD1 /* EditImageVC+UITextView.swift */,
				883F1AED28F1503E0066319D /* EditImageVC+AddImage.swift */,
				882F205628DC8DA800940972 /* Cell */,
			);
			path = EditImageVC;
			sourceTree = "<group>";
		};
		882F205628DC8DA800940972 /* Cell */ = {
			isa = PBXGroup;
			children = (
				882F205E28DC90DF00940972 /* ImgListCell.swift */,
				882F205F28DC90DF00940972 /* ImgListCell.xib */,
				881D47A928DD79E700238EFF /* ImgMainCell.swift */,
				881D47AA28DD79E700238EFF /* ImgMainCell.xib */,
				BDDF39832BFE065600C324E1 /* FontPickerCollectionViewCell.swift */,
				BDDF39842BFE065600C324E1 /* FontPickerCollectionViewCell.xib */,
				BD110A3C2C1C1E91006F5FB1 /* PreviousLinkTableViewCell.swift */,
				BD110A3D2C1C1E91006F5FB1 /* PreviousLinkTableViewCell.xib */,
			);
			path = Cell;
			sourceTree = "<group>";
		};
		8878FA0628D86F1900B80963 = {
			isa = PBXGroup;
			children = (
				8878FA1128D86F1A00B80963 /* WhatsappPhoto */,
				8878FA1028D86F1A00B80963 /* Products */,
				4B331146BF40E91153574FD3 /* Pods */,
				EAAD524E503A11046DCFCA27 /* Frameworks */,
			);
			sourceTree = "<group>";
		};
		8878FA1028D86F1A00B80963 /* Products */ = {
			isa = PBXGroup;
			children = (
				8878FA0F28D86F1A00B80963 /* WhatsappPhoto.app */,
			);
			name = Products;
			sourceTree = "<group>";
		};
		8878FA1128D86F1A00B80963 /* WhatsappPhoto */ = {
			isa = PBXGroup;
			children = (
				8878FA1228D86F1A00B80963 /* AppDelegate.swift */,
				8878FA1428D86F1A00B80963 /* SceneDelegate.swift */,
				8878FA3B28D8974E00B80963 /* Helper */,
				8878FA2C28D8842300B80963 /* Camera */,
				882F205328DC867A00940972 /* ViewController */,
				882F205428DC869600940972 /* Storyboard */,
				BDDF395C2BFDB0F600C324E1 /* Fonts */,
				8878FA1E28D86F2000B80963 /* Assets.xcassets */,
				8878FA2328D86F2000B80963 /* Info.plist */,
				8878FA1B28D86F1A00B80963 /* WhatsappPhoto.xcdatamodeld */,
			);
			path = WhatsappPhoto;
			sourceTree = "<group>";
		};
		8878FA2C28D8842300B80963 /* Camera */ = {
			isa = PBXGroup;
			children = (
				8878FA2D28D8842300B80963 /* SwiftyCamButton.swift */,
				8878FA2E28D8842300B80963 /* PreviewView.swift */,
				8878FA2F28D8842300B80963 /* SwiftyCamViewController.swift */,
				8878FA3028D8842300B80963 /* SwiftyCamViewControllerDelegate.swift */,
				8878FA3128D8842300B80963 /* CameraVC.swift */,
				8878FA3228D8842300B80963 /* SwiftyRecordButton.swift */,
				8878FA3328D8842300B80963 /* Orientation.swift */,
			);
			path = Camera;
			sourceTree = "<group>";
		};
		8878FA3B28D8974E00B80963 /* Helper */ = {
			isa = PBXGroup;
			children = (
				BDDF39102BFDB0E700C324E1 /* SnapKit */,
				8878FA3C28D8975D00B80963 /* PhotoHelper.swift */,
				881D47AD28DD823A00238EFF /* Ext.swift */,
				8829596D28EE92A500E7AA38 /* VideoPlayerView.swift */,
				8843D3C429220D5E002E3B04 /* TLPHAsset+Ext.swift */,
				8843D3C629221040002E3B04 /* Utils.swift */,
				BD17EA282BF719F500FD7784 /* EmojiKnobPreviewVw.swift */,
				BDE826D82C10850200E6C5C2 /* URLPreviewView.swift */,
			);
			path = Helper;
			sourceTree = "<group>";
		};
		BDDF39102BFDB0E700C324E1 /* SnapKit */ = {
			isa = PBXGroup;
			children = (
				BDDF39112BFDB0E700C324E1 /* ConstraintMultiplierTarget.swift */,
				BDDF39122BFDB0E700C324E1 /* LayoutConstraintItem.swift */,
				BDDF39132BFDB0E700C324E1 /* ConstraintDescription.swift */,
				BDDF39142BFDB0E700C324E1 /* ConstraintMakerPriortizable.swift */,
				BDDF39152BFDB0E700C324E1 /* ConstraintAttributes.swift */,
				BDDF39162BFDB0E700C324E1 /* ConstraintViewDSL.swift */,
				BDDF39172BFDB0E700C324E1 /* ConstraintPriorityTarget.swift */,
				BDDF39182BFDB0E700C324E1 /* ConstraintInsets.swift */,
				BDDF39192BFDB0E700C324E1 /* ConstraintMakerFinalizable.swift */,
				BDDF391A2BFDB0E700C324E1 /* ConstraintDSL.swift */,
				BDDF391B2BFDB0E700C324E1 /* ConstraintMakerExtendable.swift */,
				BDDF391C2BFDB0E700C324E1 /* ConstraintPriority.swift */,
				BDDF391D2BFDB0E700C324E1 /* ConstraintInsetTarget.swift */,
				BDDF391E2BFDB0E700C324E1 /* ConstraintDirectionalInsetTarget.swift */,
				BDDF391F2BFDB0E700C324E1 /* SnapKit.h */,
				BDDF39202BFDB0E700C324E1 /* ConstraintMakerRelatable+Extensions.swift */,
				BDDF39212BFDB0E700C324E1 /* ConstraintConfig.swift */,
				BDDF39222BFDB0E700C324E1 /* UILayoutSupport+Extensions.swift */,
				BDDF39232BFDB0E700C324E1 /* ConstraintView.swift */,
				BDDF39242BFDB0E700C324E1 /* ConstraintLayoutGuide.swift */,
				BDDF39252BFDB0E700C324E1 /* ConstraintLayoutSupport.swift */,
				BDDF39262BFDB0E700C324E1 /* Typealiases.swift */,
				BDDF39272BFDB0E700C324E1 /* ConstraintConstantTarget.swift */,
				BDDF39282BFDB0E700C324E1 /* ConstraintOffsetTarget.swift */,
				BDDF39292BFDB0E700C324E1 /* ConstraintMakerEditable.swift */,
				BDDF392A2BFDB0E700C324E1 /* ConstraintMaker.swift */,
				BDDF392B2BFDB0E700C324E1 /* ConstraintRelation.swift */,
				BDDF392C2BFDB0E700C324E1 /* ConstraintLayoutGuideDSL.swift */,
				BDDF392D2BFDB0E700C324E1 /* ConstraintView+Extensions.swift */,
				BDDF392E2BFDB0E700C324E1 /* ConstraintItem.swift */,
				BDDF392F2BFDB0E700C324E1 /* Constraint.swift */,
				BDDF39302BFDB0E700C324E1 /* Debugging.swift */,
				BDDF39312BFDB0E700C324E1 /* ConstraintRelatableTarget.swift */,
				BDDF39322BFDB0E700C324E1 /* LayoutConstraint.swift */,
				BDDF39332BFDB0E700C324E1 /* ConstraintLayoutGuide+Extensions.swift */,
				BDDF39342BFDB0E700C324E1 /* ConstraintDirectionalInsets.swift */,
				BDDF39352BFDB0E700C324E1 /* ConstraintLayoutSupportDSL.swift */,
				BDDF39362BFDB0E700C324E1 /* ConstraintMakerRelatable.swift */,
			);
			path = SnapKit;
			sourceTree = "<group>";
		};
		BDDF395C2BFDB0F600C324E1 /* Fonts */ = {
			isa = PBXGroup;
			children = (
				BDDF395D2BFDB0F600C324E1 /* cubano-regular-webfont.ttf */,
				BDDF395E2BFDB0F600C324E1 /* Homestead-Regular.ttf */,
				BDDF395F2BFDB0F600C324E1 /* Haymaker.ttf */,
				BDDF39602BFDB0F600C324E1 /* Liberator.ttf */,
				BDDF39612BFDB0F600C324E1 /* AbrahamLincoln.ttf */,
				BDDF39622BFDB0F600C324E1 /* mensch.ttf */,
				BDDF39632BFDB0F600C324E1 /* Franchise-Bold.ttf */,
				BDDF39642BFDB0F600C324E1 /* GearedSlab.ttf */,
				BDDF39652BFDB0F600C324E1 /* Airship 27-Regular.ttf */,
				BDDF39662BFDB0F600C324E1 /* ValenciaRegular.otf */,
				BDDF39672BFDB0F600C324E1 /* Muncie.ttf */,
				BDDF39682BFDB0F600C324E1 /* governor.ttf */,
				BDDF39692BFDB0F600C324E1 /* Tommaso.ttf */,
				BDDF396A2BFDB0F600C324E1 /* Bender-Inline.otf */,
				BDDF396B2BFDB0F600C324E1 /* MavenProLight-200.otf */,
				BDDF396C2BFDB0F600C324E1 /* Sullivan-Regular.otf */,
				BDDF396D2BFDB0F600C324E1 /* BLANCH_CONDENSED.otf */,
				BDDF396E2BFDB0F600C324E1 /* vevey.ttf */,
				BDDF396F2BFDB0F600C324E1 /* Arvil_Sans.ttf */,
			);
			path = Fonts;
			sourceTree = "<group>";
		};
		EAAD524E503A11046DCFCA27 /* Frameworks */ = {
			isa = PBXGroup;
			children = (
				32E38A90B981EBC5FF87F140 /* Pods_WhatsappPhoto.framework */,
			);
			name = Frameworks;
			sourceTree = "<group>";
		};
/* End PBXGroup section */

/* Begin PBXNativeTarget section */
		8878FA0E28D86F1A00B80963 /* WhatsappPhoto */ = {
			isa = PBXNativeTarget;
			buildConfigurationList = 8878FA2628D86F2000B80963 /* Build configuration list for PBXNativeTarget "WhatsappPhoto" */;
			buildPhases = (
				AA8A17C7C561A4939B205886 /* [CP] Check Pods Manifest.lock */,
				8878FA0B28D86F1A00B80963 /* Sources */,
				8878FA0C28D86F1A00B80963 /* Frameworks */,
				8878FA0D28D86F1A00B80963 /* Resources */,
				975FDD9F1EF839DE4D68DD80 /* [CP] Embed Pods Frameworks */,
			);
			buildRules = (
			);
			dependencies = (
			);
			name = WhatsappPhoto;
			packageProductDependencies = (
				BDE826D62C1082F900E6C5C2 /* SwiftLinkPreview */,
				BDF88B022C180FE100F5D0AD /* CropViewController */,
				BDF88B042C180FE100F5D0AD /* TOCropViewController */,
			);
			productName = WhatsappPhoto;
			productReference = 8878FA0F28D86F1A00B80963 /* WhatsappPhoto.app */;
			productType = "com.apple.product-type.application";
		};
/* End PBXNativeTarget section */

/* Begin PBXProject section */
		8878FA0728D86F1900B80963 /* Project object */ = {
			isa = PBXProject;
			attributes = {
				BuildIndependentTargetsInParallel = 1;
				LastSwiftUpdateCheck = 1300;
				LastUpgradeCheck = 1300;
				TargetAttributes = {
					8878FA0E28D86F1A00B80963 = {
						CreatedOnToolsVersion = 13.0;
						LastSwiftMigration = 1300;
					};
				};
			};
			buildConfigurationList = 8878FA0A28D86F1A00B80963 /* Build configuration list for PBXProject "WhatsappPhoto" */;
			compatibilityVersion = "Xcode 13.0";
			developmentRegion = en;
			hasScannedForEncodings = 0;
			knownRegions = (
				en,
				Base,
				de,
				"zh-Hans",
				ja,
				es,
				da,
				"es-ES",
				"zh-Hant",
				vi,
				fr,
				pt,
			);
			mainGroup = 8878FA0628D86F1900B80963;
			packageReferences = (
				BDE826D52C1082F900E6C5C2 /* XCRemoteSwiftPackageReference "SwiftLinkPreview" */,
				BDF88B012C180FE100F5D0AD /* XCRemoteSwiftPackageReference "TOCropViewController" */,
			);
			productRefGroup = 8878FA1028D86F1A00B80963 /* Products */;
			projectDirPath = "";
			projectRoot = "";
			targets = (
				8878FA0E28D86F1A00B80963 /* WhatsappPhoto */,
			);
		};
/* End PBXProject section */

/* Begin PBXResourcesBuildPhase section */
		8878FA0D28D86F1A00B80963 /* Resources */ = {
			isa = PBXResourcesBuildPhase;
			buildActionMask = 2147483647;
			files = (
				8878FA2228D86F2000B80963 /* LaunchScreen.storyboard in Resources */,
				BDDF397F2BFDB0F600C324E1 /* Sullivan-Regular.otf in Resources */,
				882F206128DC90DF00940972 /* ImgListCell.xib in Resources */,
				BDDF39722BFDB0F600C324E1 /* Haymaker.ttf in Resources */,
				BDDF39772BFDB0F600C324E1 /* GearedSlab.ttf in Resources */,
				8878FA1F28D86F2000B80963 /* Assets.xcassets in Resources */,
				BD110A3F2C1C1E91006F5FB1 /* PreviousLinkTableViewCell.xib in Resources */,
				BDDF39712BFDB0F600C324E1 /* Homestead-Regular.ttf in Resources */,
				BDDF397B2BFDB0F600C324E1 /* governor.ttf in Resources */,
				BDDF39792BFDB0F600C324E1 /* ValenciaRegular.otf in Resources */,
				BDDF39812BFDB0F600C324E1 /* vevey.ttf in Resources */,
				BDDF397A2BFDB0F600C324E1 /* Muncie.ttf in Resources */,
				BDDF39782BFDB0F600C324E1 /* Airship 27-Regular.ttf in Resources */,
				BDDF39822BFDB0F600C324E1 /* Arvil_Sans.ttf in Resources */,
				BDDF39742BFDB0F600C324E1 /* AbrahamLincoln.ttf in Resources */,
				BDDF397E2BFDB0F600C324E1 /* MavenProLight-200.otf in Resources */,
				BDDF39752BFDB0F600C324E1 /* mensch.ttf in Resources */,
				BDDF397D2BFDB0F600C324E1 /* Bender-Inline.otf in Resources */,
				BDDF39802BFDB0F600C324E1 /* BLANCH_CONDENSED.otf in Resources */,
				BDDF39862BFE065600C324E1 /* FontPickerCollectionViewCell.xib in Resources */,
				BDDF39702BFDB0F600C324E1 /* cubano-regular-webfont.ttf in Resources */,
				881D47AC28DD79E700238EFF /* ImgMainCell.xib in Resources */,
				BDDF39732BFDB0F600C324E1 /* Liberator.ttf in Resources */,
				BDDF397C2BFDB0F600C324E1 /* Tommaso.ttf in Resources */,
				8878FA1A28D86F1A00B80963 /* Main.storyboard in Resources */,
				BDDF39762BFDB0F600C324E1 /* Franchise-Bold.ttf in Resources */,
			);
			runOnlyForDeploymentPostprocessing = 0;
		};
/* End PBXResourcesBuildPhase section */

/* Begin PBXShellScriptBuildPhase section */
		975FDD9F1EF839DE4D68DD80 /* [CP] Embed Pods Frameworks */ = {
			isa = PBXShellScriptBuildPhase;
			buildActionMask = 2147483647;
			files = (
			);
			inputFileListPaths = (
				"${PODS_ROOT}/Target Support Files/Pods-WhatsappPhoto/Pods-WhatsappPhoto-frameworks-${CONFIGURATION}-input-files.xcfilelist",
			);
			name = "[CP] Embed Pods Frameworks";
			outputFileListPaths = (
				"${PODS_ROOT}/Target Support Files/Pods-WhatsappPhoto/Pods-WhatsappPhoto-frameworks-${CONFIGURATION}-output-files.xcfilelist",
			);
			runOnlyForDeploymentPostprocessing = 0;
			shellPath = /bin/sh;
			shellScript = "\"${PODS_ROOT}/Target Support Files/Pods-WhatsappPhoto/Pods-WhatsappPhoto-frameworks.sh\"\n";
			showEnvVarsInLog = 0;
		};
		AA8A17C7C561A4939B205886 /* [CP] Check Pods Manifest.lock */ = {
			isa = PBXShellScriptBuildPhase;
			buildActionMask = 2147483647;
			files = (
			);
			inputFileListPaths = (
			);
			inputPaths = (
				"${PODS_PODFILE_DIR_PATH}/Podfile.lock",
				"${PODS_ROOT}/Manifest.lock",
			);
			name = "[CP] Check Pods Manifest.lock";
			outputFileListPaths = (
			);
			outputPaths = (
				"$(DERIVED_FILE_DIR)/Pods-WhatsappPhoto-checkManifestLockResult.txt",
			);
			runOnlyForDeploymentPostprocessing = 0;
			shellPath = /bin/sh;
			shellScript = "diff \"${PODS_PODFILE_DIR_PATH}/Podfile.lock\" \"${PODS_ROOT}/Manifest.lock\" > /dev/null\nif [ $? != 0 ] ; then\n    # print error to STDERR\n    echo \"error: The sandbox is not in sync with the Podfile.lock. Run 'pod install' or update your CocoaPods installation.\" >&2\n    exit 1\nfi\n# This output is used by Xcode 'outputs' to avoid re-running this script phase.\necho \"SUCCESS\" > \"${SCRIPT_OUTPUT_FILE_0}\"\n";
			showEnvVarsInLog = 0;
		};
/* End PBXShellScriptBuildPhase section */

/* Begin PBXSourcesBuildPhase section */
		8878FA0B28D86F1A00B80963 /* Sources */ = {
			isa = PBXSourcesBuildPhase;
			buildActionMask = 2147483647;
			files = (
				BDDF39472BFDB0E700C324E1 /* UILayoutSupport+Extensions.swift in Sources */,
				8878FA3928D8842300B80963 /* SwiftyRecordButton.swift in Sources */,
				BDDF393C2BFDB0E700C324E1 /* ConstraintViewDSL.swift in Sources */,
				8878FA1D28D86F1A00B80963 /* WhatsappPhoto.xcdatamodeld in Sources */,
				BDDF39442BFDB0E700C324E1 /* ConstraintDirectionalInsetTarget.swift in Sources */,
				BDE7CDB12C16F72200861E09 /* StickersVC.swift in Sources */,
				BDDF39402BFDB0E700C324E1 /* ConstraintDSL.swift in Sources */,
				8878FA3828D8842300B80963 /* CameraVC.swift in Sources */,
				8878FA3728D8842300B80963 /* SwiftyCamViewControllerDelegate.swift in Sources */,
				BDDF39592BFDB0E700C324E1 /* ConstraintDirectionalInsets.swift in Sources */,
				8878FA1728D86F1A00B80963 /* ViewController.swift in Sources */,
				8843D3C729221040002E3B04 /* Utils.swift in Sources */,
				88B3457728F42FD4009CD364 /* BaseViewController.swift in Sources */,
				881D47AE28DD823A00238EFF /* Ext.swift in Sources */,
				883F1AEE28F1503E0066319D /* EditImageVC+AddImage.swift in Sources */,
				8878FA3628D8842300B80963 /* SwiftyCamViewController.swift in Sources */,
				BDDF394E2BFDB0E700C324E1 /* ConstraintMakerEditable.swift in Sources */,
				BDDF393E2BFDB0E700C324E1 /* ConstraintInsets.swift in Sources */,
				BDDF39582BFDB0E700C324E1 /* ConstraintLayoutGuide+Extensions.swift in Sources */,
				BDDF394B2BFDB0E700C324E1 /* Typealiases.swift in Sources */,
				BDDF394C2BFDB0E700C324E1 /* ConstraintConstantTarget.swift in Sources */,
				8807A78F28E1B446007DAAD1 /* EditImageVC+UITextView.swift in Sources */,
				BDDF39512BFDB0E700C324E1 /* ConstraintLayoutGuideDSL.swift in Sources */,
				BDDF39482BFDB0E700C324E1 /* ConstraintView.swift in Sources */,
				8878FA1328D86F1A00B80963 /* AppDelegate.swift in Sources */,
				8843D3C529220D5E002E3B04 /* TLPHAsset+Ext.swift in Sources */,
				BDDF394D2BFDB0E700C324E1 /* ConstraintOffsetTarget.swift in Sources */,
				8807A78928E19F4E007DAAD1 /* EditImageVC+Draw.swift in Sources */,
				BD9B16B92C05FDA900ADFDF6 /* ImagePreviewVC.swift in Sources */,
				BDDF39452BFDB0E700C324E1 /* ConstraintMakerRelatable+Extensions.swift in Sources */,
				BDDF39852BFE065600C324E1 /* FontPickerCollectionViewCell.swift in Sources */,
				BD110A3E2C1C1E91006F5FB1 /* PreviousLinkTableViewCell.swift in Sources */,
				BDDF393B2BFDB0E700C324E1 /* ConstraintAttributes.swift in Sources */,
				BDDF393D2BFDB0E700C324E1 /* ConstraintPriorityTarget.swift in Sources */,
				BDDF39502BFDB0E700C324E1 /* ConstraintRelation.swift in Sources */,
				BD17EA292BF719F500FD7784 /* EmojiKnobPreviewVw.swift in Sources */,
				BDDF39572BFDB0E700C324E1 /* LayoutConstraint.swift in Sources */,
				881D47AB28DD79E700238EFF /* ImgMainCell.swift in Sources */,
				BDDF39382BFDB0E700C324E1 /* LayoutConstraintItem.swift in Sources */,
				8878FA3428D8842300B80963 /* SwiftyCamButton.swift in Sources */,
				BDDF395B2BFDB0E700C324E1 /* ConstraintMakerRelatable.swift in Sources */,
				88B3457528F42F30009CD364 /* EditImageVC+Model+Enum.swift in Sources */,
				8878FA1528D86F1A00B80963 /* SceneDelegate.swift in Sources */,
				BDDF39422BFDB0E700C324E1 /* ConstraintPriority.swift in Sources */,
				BDDF393F2BFDB0E700C324E1 /* ConstraintMakerFinalizable.swift in Sources */,
				8807A78B28E1B039007DAAD1 /* EditImageVC+Text.swift in Sources */,
				BDDF39552BFDB0E700C324E1 /* Debugging.swift in Sources */,
				882F206028DC90DF00940972 /* ImgListCell.swift in Sources */,
				882F205228DC866900940972 /* EditImageVC.swift in Sources */,
				BDDF39532BFDB0E700C324E1 /* ConstraintItem.swift in Sources */,
				BDDF394F2BFDB0E700C324E1 /* ConstraintMaker.swift in Sources */,
				BDDF393A2BFDB0E700C324E1 /* ConstraintMakerPriortizable.swift in Sources */,
				8807A78D28E1B15B007DAAD1 /* EditImageVC+Gestures.swift in Sources */,
				8878FA3A28D8842300B80963 /* Orientation.swift in Sources */,
				BDDF39392BFDB0E700C324E1 /* ConstraintDescription.swift in Sources */,
				BDDF39432BFDB0E700C324E1 /* ConstraintInsetTarget.swift in Sources */,
				BD27E22E2C1B1F7200F690DF /* LinkSearchVC.swift in Sources */,
				BDE826D92C10850200E6C5C2 /* URLPreviewView.swift in Sources */,
				BDDF394A2BFDB0E700C324E1 /* ConstraintLayoutSupport.swift in Sources */,
				8878FA3D28D8975D00B80963 /* PhotoHelper.swift in Sources */,
				BDDF39542BFDB0E700C324E1 /* Constraint.swift in Sources */,
				8878FA3528D8842300B80963 /* PreviewView.swift in Sources */,
				BDDF39462BFDB0E700C324E1 /* ConstraintConfig.swift in Sources */,
				BDDF39492BFDB0E700C324E1 /* ConstraintLayoutGuide.swift in Sources */,
				8829596E28EE92A500E7AA38 /* VideoPlayerView.swift in Sources */,
				BDDF39522BFDB0E700C324E1 /* ConstraintView+Extensions.swift in Sources */,
				BDDF395A2BFDB0E700C324E1 /* ConstraintLayoutSupportDSL.swift in Sources */,
				BDDF39372BFDB0E700C324E1 /* ConstraintMultiplierTarget.swift in Sources */,
				BDDF39562BFDB0E700C324E1 /* ConstraintRelatableTarget.swift in Sources */,
				BDDF39412BFDB0E700C324E1 /* ConstraintMakerExtendable.swift in Sources */,
				BD27E2282C1AA91900F690DF /* RotateVideoVC.swift in Sources */,
			);
			runOnlyForDeploymentPostprocessing = 0;
		};
/* End PBXSourcesBuildPhase section */

/* Begin PBXVariantGroup section */
		8878FA1828D86F1A00B80963 /* Main.storyboard */ = {
			isa = PBXVariantGroup;
			children = (
				8878FA1928D86F1A00B80963 /* Base */,
			);
			name = Main.storyboard;
			sourceTree = "<group>";
		};
		8878FA2028D86F2000B80963 /* LaunchScreen.storyboard */ = {
			isa = PBXVariantGroup;
			children = (
				8878FA2128D86F2000B80963 /* Base */,
			);
			name = LaunchScreen.storyboard;
			sourceTree = "<group>";
		};
/* End PBXVariantGroup section */

/* Begin XCBuildConfiguration section */
		8878FA2428D86F2000B80963 /* Debug */ = {
			isa = XCBuildConfiguration;
			buildSettings = {
				ALWAYS_SEARCH_USER_PATHS = NO;
				CLANG_ANALYZER_NONNULL = YES;
				CLANG_ANALYZER_NUMBER_OBJECT_CONVERSION = YES_AGGRESSIVE;
				CLANG_CXX_LANGUAGE_STANDARD = "gnu++17";
				CLANG_CXX_LIBRARY = "libc++";
				CLANG_ENABLE_MODULES = YES;
				CLANG_ENABLE_OBJC_ARC = YES;
				CLANG_ENABLE_OBJC_WEAK = YES;
				CLANG_WARN_BLOCK_CAPTURE_AUTORELEASING = YES;
				CLANG_WARN_BOOL_CONVERSION = YES;
				CLANG_WARN_COMMA = YES;
				CLANG_WARN_CONSTANT_CONVERSION = YES;
				CLANG_WARN_DEPRECATED_OBJC_IMPLEMENTATIONS = YES;
				CLANG_WARN_DIRECT_OBJC_ISA_USAGE = YES_ERROR;
				CLANG_WARN_DOCUMENTATION_COMMENTS = YES;
				CLANG_WARN_EMPTY_BODY = YES;
				CLANG_WARN_ENUM_CONVERSION = YES;
				CLANG_WARN_INFINITE_RECURSION = YES;
				CLANG_WARN_INT_CONVERSION = YES;
				CLANG_WARN_NON_LITERAL_NULL_CONVERSION = YES;
				CLANG_WARN_OBJC_IMPLICIT_RETAIN_SELF = YES;
				CLANG_WARN_OBJC_LITERAL_CONVERSION = YES;
				CLANG_WARN_OBJC_ROOT_CLASS = YES_ERROR;
				CLANG_WARN_QUOTED_INCLUDE_IN_FRAMEWORK_HEADER = YES;
				CLANG_WARN_RANGE_LOOP_ANALYSIS = YES;
				CLANG_WARN_STRICT_PROTOTYPES = YES;
				CLANG_WARN_SUSPICIOUS_MOVE = YES;
				CLANG_WARN_UNGUARDED_AVAILABILITY = YES_AGGRESSIVE;
				CLANG_WARN_UNREACHABLE_CODE = YES;
				CLANG_WARN__DUPLICATE_METHOD_MATCH = YES;
				COPY_PHASE_STRIP = NO;
				DEBUG_INFORMATION_FORMAT = dwarf;
				ENABLE_STRICT_OBJC_MSGSEND = YES;
				ENABLE_TESTABILITY = YES;
				GCC_C_LANGUAGE_STANDARD = gnu11;
				GCC_DYNAMIC_NO_PIC = NO;
				GCC_NO_COMMON_BLOCKS = YES;
				GCC_OPTIMIZATION_LEVEL = 0;
				GCC_PREPROCESSOR_DEFINITIONS = (
					"DEBUG=1",
					"$(inherited)",
				);
				GCC_WARN_64_TO_32_BIT_CONVERSION = YES;
				GCC_WARN_ABOUT_RETURN_TYPE = YES_ERROR;
				GCC_WARN_UNDECLARED_SELECTOR = YES;
				GCC_WARN_UNINITIALIZED_AUTOS = YES_AGGRESSIVE;
				GCC_WARN_UNUSED_FUNCTION = YES;
				GCC_WARN_UNUSED_VARIABLE = YES;
				IPHONEOS_DEPLOYMENT_TARGET = 14.0;
				MTL_ENABLE_DEBUG_INFO = INCLUDE_SOURCE;
				MTL_FAST_MATH = YES;
				ONLY_ACTIVE_ARCH = YES;
				SDKROOT = iphoneos;
				SWIFT_ACTIVE_COMPILATION_CONDITIONS = DEBUG;
				SWIFT_OPTIMIZATION_LEVEL = "-Onone";
			};
			name = Debug;
		};
		8878FA2528D86F2000B80963 /* Release */ = {
			isa = XCBuildConfiguration;
			buildSettings = {
				ALWAYS_SEARCH_USER_PATHS = NO;
				CLANG_ANALYZER_NONNULL = YES;
				CLANG_ANALYZER_NUMBER_OBJECT_CONVERSION = YES_AGGRESSIVE;
				CLANG_CXX_LANGUAGE_STANDARD = "gnu++17";
				CLANG_CXX_LIBRARY = "libc++";
				CLANG_ENABLE_MODULES = YES;
				CLANG_ENABLE_OBJC_ARC = YES;
				CLANG_ENABLE_OBJC_WEAK = YES;
				CLANG_WARN_BLOCK_CAPTURE_AUTORELEASING = YES;
				CLANG_WARN_BOOL_CONVERSION = YES;
				CLANG_WARN_COMMA = YES;
				CLANG_WARN_CONSTANT_CONVERSION = YES;
				CLANG_WARN_DEPRECATED_OBJC_IMPLEMENTATIONS = YES;
				CLANG_WARN_DIRECT_OBJC_ISA_USAGE = YES_ERROR;
				CLANG_WARN_DOCUMENTATION_COMMENTS = YES;
				CLANG_WARN_EMPTY_BODY = YES;
				CLANG_WARN_ENUM_CONVERSION = YES;
				CLANG_WARN_INFINITE_RECURSION = YES;
				CLANG_WARN_INT_CONVERSION = YES;
				CLANG_WARN_NON_LITERAL_NULL_CONVERSION = YES;
				CLANG_WARN_OBJC_IMPLICIT_RETAIN_SELF = YES;
				CLANG_WARN_OBJC_LITERAL_CONVERSION = YES;
				CLANG_WARN_OBJC_ROOT_CLASS = YES_ERROR;
				CLANG_WARN_QUOTED_INCLUDE_IN_FRAMEWORK_HEADER = YES;
				CLANG_WARN_RANGE_LOOP_ANALYSIS = YES;
				CLANG_WARN_STRICT_PROTOTYPES = YES;
				CLANG_WARN_SUSPICIOUS_MOVE = YES;
				CLANG_WARN_UNGUARDED_AVAILABILITY = YES_AGGRESSIVE;
				CLANG_WARN_UNREACHABLE_CODE = YES;
				CLANG_WARN__DUPLICATE_METHOD_MATCH = YES;
				COPY_PHASE_STRIP = NO;
				DEBUG_INFORMATION_FORMAT = "dwarf-with-dsym";
				ENABLE_NS_ASSERTIONS = NO;
				ENABLE_STRICT_OBJC_MSGSEND = YES;
				GCC_C_LANGUAGE_STANDARD = gnu11;
				GCC_NO_COMMON_BLOCKS = YES;
				GCC_WARN_64_TO_32_BIT_CONVERSION = YES;
				GCC_WARN_ABOUT_RETURN_TYPE = YES_ERROR;
				GCC_WARN_UNDECLARED_SELECTOR = YES;
				GCC_WARN_UNINITIALIZED_AUTOS = YES_AGGRESSIVE;
				GCC_WARN_UNUSED_FUNCTION = YES;
				GCC_WARN_UNUSED_VARIABLE = YES;
				IPHONEOS_DEPLOYMENT_TARGET = 14.0;
				MTL_ENABLE_DEBUG_INFO = NO;
				MTL_FAST_MATH = YES;
				SDKROOT = iphoneos;
				SWIFT_COMPILATION_MODE = wholemodule;
				SWIFT_OPTIMIZATION_LEVEL = "-O";
				VALIDATE_PRODUCT = YES;
			};
			name = Release;
		};
		8878FA2728D86F2000B80963 /* Debug */ = {
			isa = XCBuildConfiguration;
			baseConfigurationReference = FBB732F1ECA584FDCDF12BB4 /* Pods-WhatsappPhoto.debug.xcconfig */;
			buildSettings = {
				ASSETCATALOG_COMPILER_APPICON_NAME = AppIcon;
				ASSETCATALOG_COMPILER_GLOBAL_ACCENT_COLOR_NAME = AccentColor;
				CLANG_ENABLE_MODULES = YES;
				CODE_SIGN_IDENTITY = "iPhone Developer";
				CODE_SIGN_STYLE = Manual;
				CURRENT_PROJECT_VERSION = 1;
				DEVELOPMENT_TEAM = 6KNDGF9SJT;
				GENERATE_INFOPLIST_FILE = YES;
				INFOPLIST_FILE = WhatsappPhoto/Info.plist;
				INFOPLIST_KEY_NSCameraUsageDescription = "To Take Photos and Video";
				INFOPLIST_KEY_NSMicrophoneUsageDescription = "To Record Audio With Video";
				INFOPLIST_KEY_NSPhotoLibraryAddUsageDescription = need;
				INFOPLIST_KEY_NSPhotoLibraryUsageDescription = need;
				INFOPLIST_KEY_UIApplicationSupportsIndirectInputEvents = YES;
				INFOPLIST_KEY_UILaunchStoryboardName = LaunchScreen;
				INFOPLIST_KEY_UIMainStoryboardFile = Main;
				INFOPLIST_KEY_UISupportedInterfaceOrientations_iPad = "UIInterfaceOrientationPortrait UIInterfaceOrientationPortraitUpsideDown UIInterfaceOrientationLandscapeLeft UIInterfaceOrientationLandscapeRight";
				INFOPLIST_KEY_UISupportedInterfaceOrientations_iPhone = "UIInterfaceOrientationPortrait UIInterfaceOrientationLandscapeLeft UIInterfaceOrientationLandscapeRight";
				IPHONEOS_DEPLOYMENT_TARGET = 14.0;
				LD_RUNPATH_SEARCH_PATHS = (
					"$(inherited)",
					"@executable_path/Frameworks",
				);
				MARKETING_VERSION = 1.0;
				PRODUCT_BUNDLE_IDENTIFIER = "com.app.meet-friends";
				PRODUCT_NAME = "$(TARGET_NAME)";
				PROVISIONING_PROFILE_SPECIFIER = Meeturfriends_dev_profile;
				SWIFT_EMIT_LOC_STRINGS = YES;
				SWIFT_OBJC_BRIDGING_HEADER = "";
				SWIFT_OPTIMIZATION_LEVEL = "-Onone";
				SWIFT_VERSION = 5.0;
				TARGETED_DEVICE_FAMILY = "1,2";
			};
			name = Debug;
		};
		8878FA2828D86F2000B80963 /* Release */ = {
			isa = XCBuildConfiguration;
			baseConfigurationReference = 3D29D42B6EC4E1E22A9794D6 /* Pods-WhatsappPhoto.release.xcconfig */;
			buildSettings = {
				ASSETCATALOG_COMPILER_APPICON_NAME = AppIcon;
				ASSETCATALOG_COMPILER_GLOBAL_ACCENT_COLOR_NAME = AccentColor;
				CLANG_ENABLE_MODULES = YES;
				CODE_SIGN_IDENTITY = "iPhone Developer";
				CODE_SIGN_STYLE = Manual;
				CURRENT_PROJECT_VERSION = 1;
				DEVELOPMENT_TEAM = 6KNDGF9SJT;
				GENERATE_INFOPLIST_FILE = YES;
				INFOPLIST_FILE = WhatsappPhoto/Info.plist;
				INFOPLIST_KEY_NSCameraUsageDescription = "To Take Photos and Video";
				INFOPLIST_KEY_NSMicrophoneUsageDescription = "To Record Audio With Video";
				INFOPLIST_KEY_NSPhotoLibraryAddUsageDescription = need;
				INFOPLIST_KEY_NSPhotoLibraryUsageDescription = need;
				INFOPLIST_KEY_UIApplicationSupportsIndirectInputEvents = YES;
				INFOPLIST_KEY_UILaunchStoryboardName = LaunchScreen;
				INFOPLIST_KEY_UIMainStoryboardFile = Main;
				INFOPLIST_KEY_UISupportedInterfaceOrientations_iPad = "UIInterfaceOrientationPortrait UIInterfaceOrientationPortraitUpsideDown UIInterfaceOrientationLandscapeLeft UIInterfaceOrientationLandscapeRight";
				INFOPLIST_KEY_UISupportedInterfaceOrientations_iPhone = "UIInterfaceOrientationPortrait UIInterfaceOrientationLandscapeLeft UIInterfaceOrientationLandscapeRight";
				IPHONEOS_DEPLOYMENT_TARGET = 14.0;
				LD_RUNPATH_SEARCH_PATHS = (
					"$(inherited)",
					"@executable_path/Frameworks",
				);
				MARKETING_VERSION = 1.0;
				PRODUCT_BUNDLE_IDENTIFIER = "com.app.meet-friends";
				PRODUCT_NAME = "$(TARGET_NAME)";
				PROVISIONING_PROFILE_SPECIFIER = Meeturfriends_dev_profile;
				SWIFT_EMIT_LOC_STRINGS = YES;
				SWIFT_OBJC_BRIDGING_HEADER = "";
				SWIFT_VERSION = 5.0;
				TARGETED_DEVICE_FAMILY = "1,2";
			};
			name = Release;
		};
/* End XCBuildConfiguration section */

/* Begin XCConfigurationList section */
		8878FA0A28D86F1A00B80963 /* Build configuration list for PBXProject "WhatsappPhoto" */ = {
			isa = XCConfigurationList;
			buildConfigurations = (
				8878FA2428D86F2000B80963 /* Debug */,
				8878FA2528D86F2000B80963 /* Release */,
			);
			defaultConfigurationIsVisible = 0;
			defaultConfigurationName = Release;
		};
		8878FA2628D86F2000B80963 /* Build configuration list for PBXNativeTarget "WhatsappPhoto" */ = {
			isa = XCConfigurationList;
			buildConfigurations = (
				8878FA2728D86F2000B80963 /* Debug */,
				8878FA2828D86F2000B80963 /* Release */,
			);
			defaultConfigurationIsVisible = 0;
			defaultConfigurationName = Release;
		};
/* End XCConfigurationList section */

/* Begin XCRemoteSwiftPackageReference section */
		BDE826D52C1082F900E6C5C2 /* XCRemoteSwiftPackageReference "SwiftLinkPreview" */ = {
			isa = XCRemoteSwiftPackageReference;
			repositoryURL = "https://github.com/LeonardoCardoso/SwiftLinkPreview.git";
			requirement = {
				kind = exactVersion;
				version = 3.4.0;
			};
		};
		BDF88B012C180FE100F5D0AD /* XCRemoteSwiftPackageReference "TOCropViewController" */ = {
			isa = XCRemoteSwiftPackageReference;
			repositoryURL = "https://github.com/TimOliver/TOCropViewController.git";
			requirement = {
				kind = upToNextMajorVersion;
				minimumVersion = 2.0.0;
			};
		};
/* End XCRemoteSwiftPackageReference section */

/* Begin XCSwiftPackageProductDependency section */
		BDE826D62C1082F900E6C5C2 /* SwiftLinkPreview */ = {
			isa = XCSwiftPackageProductDependency;
			package = BDE826D52C1082F900E6C5C2 /* XCRemoteSwiftPackageReference "SwiftLinkPreview" */;
			productName = SwiftLinkPreview;
		};
		BDF88B022C180FE100F5D0AD /* CropViewController */ = {
			isa = XCSwiftPackageProductDependency;
			package = BDF88B012C180FE100F5D0AD /* XCRemoteSwiftPackageReference "TOCropViewController" */;
			productName = CropViewController;
		};
		BDF88B042C180FE100F5D0AD /* TOCropViewController */ = {
			isa = XCSwiftPackageProductDependency;
			package = BDF88B012C180FE100F5D0AD /* XCRemoteSwiftPackageReference "TOCropViewController" */;
			productName = TOCropViewController;
		};
/* End XCSwiftPackageProductDependency section */

/* Begin XCVersionGroup section */
		8878FA1B28D86F1A00B80963 /* WhatsappPhoto.xcdatamodeld */ = {
			isa = XCVersionGroup;
			children = (
				8878FA1C28D86F1A00B80963 /* WhatsappPhoto.xcdatamodel */,
			);
			currentVersion = 8878FA1C28D86F1A00B80963 /* WhatsappPhoto.xcdatamodel */;
			path = WhatsappPhoto.xcdatamodeld;
			sourceTree = "<group>";
			versionGroupType = wrapper.xcdatamodel;
		};
/* End XCVersionGroup section */
	};
	rootObject = 8878FA0728D86F1900B80963 /* Project object */;
}
